
Microsoft Visual Studio Solution File, Format Version 12.00
# Visual Studio Version 16
VisualStudioVersion = 16.0.30114.105
MinimumVisualStudioVersion = 10.0.40219.1
Project("{2150E333-8FDC-42A3-9474-1A3956D46DE8}") = "src", "src", "{49F91FFA-3373-4036-B777-38DEE412E93E}"
EndProject
Project("{FAE04EC0-301F-11D3-BF4B-00C04F79EFBC}") = "BranchAndBound", "src\BranchAndBound\BranchAndBound.csproj", "{C7FE4DC1-27C0-476F-A015-E2D3476344AB}"
EndProject
Project("{2150E333-8FDC-42A3-9474-1A3956D46DE8}") = "tests", "tests", "{BE6C3551-F31B-48CB-A6CB-9B1B8EA0B8B0}"
EndProject
Project("{FAE04EC0-301F-11D3-BF4B-00C04F79EFBC}") = "BranchAndBound.Tests", "tests\BranchAndBound.Tests\BranchAndBound.Tests.csproj", "{8BBE6D8B-9F66-4EF6-BEDF-E828F7E5C052}"
EndProject
Global
	GlobalSection(SolutionConfigurationPlatforms) = preSolution
		Debug|Any CPU = Debug|Any CPU
		Debug|x64 = Debug|x64
		Debug|x86 = Debug|x86
		Release|Any CPU = Release|Any CPU
		Release|x64 = Release|x64
		Release|x86 = Release|x86
	EndGlobalSection
	GlobalSection(SolutionProperties) = preSolution
		HideSolutionNode = FALSE
	EndGlobalSection
	GlobalSection(ProjectConfigurationPlatforms) = postSolution
		{C7FE4DC1-27C0-476F-A015-E2D3476344AB}.Debug|Any CPU.ActiveCfg = Debug|Any CPU
		{C7FE4DC1-27C0-476F-A015-E2D3476344AB}.Debug|Any CPU.Build.0 = Debug|Any CPU
		{C7FE4DC1-27C0-476F-A015-E2D3476344AB}.Debug|x64.ActiveCfg = Debug|Any CPU
		{C7FE4DC1-27C0-476F-A015-E2D3476344AB}.Debug|x64.Build.0 = Debug|Any CPU
		{C7FE4DC1-27C0-476F-A015-E2D3476344AB}.Debug|x86.ActiveCfg = Debug|Any CPU
		{C7FE4DC1-27C0-476F-A015-E2D3476344AB}.Debug|x86.Build.0 = Debug|Any CPU
		{C7FE4DC1-27C0-476F-A015-E2D3476344AB}.Release|Any CPU.ActiveCfg = Release|Any CPU
		{C7FE4DC1-27C0-476F-A015-E2D3476344AB}.Release|Any CPU.Build.0 = Release|Any CPU
		{C7FE4DC1-27C0-476F-A015-E2D3476344AB}.Release|x64.ActiveCfg = Release|Any CPU
		{C7FE4DC1-27C0-476F-A015-E2D3476344AB}.Release|x64.Build.0 = Release|Any CPU
		{C7FE4DC1-27C0-476F-A015-E2D3476344AB}.Release|x86.ActiveCfg = Release|Any CPU
		{C7FE4DC1-27C0-476F-A015-E2D3476344AB}.Release|x86.Build.0 = Release|Any CPU
		{8BBE6D8B-9F66-4EF6-BEDF-E828F7E5C052}.Debug|Any CPU.ActiveCfg = Debug|Any CPU
		{8BBE6D8B-9F66-4EF6-BEDF-E828F7E5C052}.Debug|Any CPU.Build.0 = Debug|Any CPU
		{8BBE6D8B-9F66-4EF6-BEDF-E828F7E5C052}.Debug|x64.ActiveCfg = Debug|Any CPU
		{8BBE6D8B-9F66-4EF6-BEDF-E828F7E5C052}.Debug|x64.Build.0 = Debug|Any CPU
		{8BBE6D8B-9F66-4EF6-BEDF-E828F7E5C052}.Debug|x86.ActiveCfg = Debug|Any CPU
		{8BBE6D8B-9F66-4EF6-BEDF-E828F7E5C052}.Debug|x86.Build.0 = Debug|Any CPU
		{8BBE6D8B-9F66-4EF6-BEDF-E828F7E5C052}.Release|Any CPU.ActiveCfg = Release|Any CPU
		{8BBE6D8B-9F66-4EF6-BEDF-E828F7E5C052}.Release|Any CPU.Build.0 = Release|Any CPU
		{8BBE6D8B-9F66-4EF6-BEDF-E828F7E5C052}.Release|x64.ActiveCfg = Release|Any CPU
		{8BBE6D8B-9F66-4EF6-BEDF-E828F7E5C052}.Release|x64.Build.0 = Release|Any CPU
		{8BBE6D8B-9F66-4EF6-BEDF-E828F7E5C052}.Release|x86.ActiveCfg = Release|Any CPU
		{8BBE6D8B-9F66-4EF6-BEDF-E828F7E5C052}.Release|x86.Build.0 = Release|Any CPU
	EndGlobalSection
	GlobalSection(NestedProjects) = preSolution
		{C7FE4DC1-27C0-476F-A015-E2D3476344AB} = {49F91FFA-3373-4036-B777-38DEE412E93E}
		{8BBE6D8B-9F66-4EF6-BEDF-E828F7E5C052} = {BE6C3551-F31B-48CB-A6CB-9B1B8EA0B8B0}
	EndGlobalSection
EndGlobal
